<Solution>
  <Folder Name="/Solution Items/">
    <File Path="README.md" />
    <File Path="CLAUDE.md" />
    <File Path="Directory.Build.props" />
    <File Path="global.json" />
    <File Path="action.yml" />
  </Folder>
  <Folder Name="/src/">
    <File Path="src/SpaWebRoot.targets" />
  </Folder>
  <Folder Name="/src/VpnHood.AppUi.Presentation.Classic.Spa/">
    <File Path="src/VpnHood.AppUi.Presentation.Classic.Spa/package.json" />
    <File Path="src/VpnHood.AppUi.Presentation.Classic.Spa/vite.config.ts" />
    <File Path="src/VpnHood.AppUi.Presentation.Classic.Spa/index.html" />
  </Folder>
  <Project Path="src/VpnHood.AppLib.Api.SwaggerHost/VpnHood.AppLib.Api.SwaggerHost.csproj" />
  <Project Path="src/AppUiSample.Spa.Windows/AppUiSample.Spa.Windows.csproj" />
  <Project Path="src/AppUiSample.Spa.Android/AppUiSample.Spa.Android.csproj" />
</Solution>
